
Microsoft Visual Studio Solution File, Format Version 12.00
# Visual Studio Version 17
VisualStudioVersion = 17.9.34723.18
MinimumVisualStudioVersion = 10.0.40219.1
Project("{FAE04EC0-301F-11D3-BF4B-00C04F79EFBC}") = "Lista_encadeada_2.0", "Lista_encadeada_2.0.csproj", "{7F46847F-ED66-46D7-AF77-9087DE675182}"
EndProject
Global
	GlobalSection(SolutionConfigurationPlatforms) = preSolution
		Debug|Any CPU = Debug|Any CPU
		Release|Any CPU = Release|Any CPU
	EndGlobalSection
	GlobalSection(ProjectConfigurationPlatforms) = postSolution
		{7F46847F-ED66-46D7-AF77-9087DE675182}.Debug|Any CPU.ActiveCfg = Debug|Any CPU
		{7F46847F-ED66-46D7-AF77-9087DE675182}.Debug|Any CPU.Build.0 = Debug|Any CPU
		{7F46847F-ED66-46D7-AF77-9087DE675182}.Release|Any CPU.ActiveCfg = Release|Any CPU
		{7F46847F-ED66-46D7-AF77-9087DE675182}.Release|Any CPU.Build.0 = Release|Any CPU
	EndGlobalSection
	GlobalSection(SolutionProperties) = preSolution
		HideSolutionNode = FALSE
	EndGlobalSection
	GlobalSection(ExtensibilityGlobals) = postSolution
		SolutionGuid = {A6985699-7F6B-4EE7-A77F-5F704E93CE86}
	EndGlobalSection
EndGlobal
