
Microsoft Visual Studio Solution File, Format Version 12.00
# Visual Studio Version 17
VisualStudioVersion = 17.10.34928.147
MinimumVisualStudioVersion = 10.0.40219.1
Project("{FAE04EC0-301F-11D3-BF4B-00C04F79EFBC}") = "Projeto_Dado", "Projeto_Dado.csproj", "{13C77B9F-F64D-4C9F-B05C-6FBAACE62670}"
EndProject
Global
	GlobalSection(SolutionConfigurationPlatforms) = preSolution
		Debug|Any CPU = Debug|Any CPU
		Release|Any CPU = Release|Any CPU
	EndGlobalSection
	GlobalSection(ProjectConfigurationPlatforms) = postSolution
		{13C77B9F-F64D-4C9F-B05C-6FBAACE62670}.Debug|Any CPU.ActiveCfg = Debug|Any CPU
		{13C77B9F-F64D-4C9F-B05C-6FBAACE62670}.Debug|Any CPU.Build.0 = Debug|Any CPU
		{13C77B9F-F64D-4C9F-B05C-6FBAACE62670}.Release|Any CPU.ActiveCfg = Release|Any CPU
		{13C77B9F-F64D-4C9F-B05C-6FBAACE62670}.Release|Any CPU.Build.0 = Release|Any CPU
	EndGlobalSection
	GlobalSection(SolutionProperties) = preSolution
		HideSolutionNode = FALSE
	EndGlobalSection
	GlobalSection(ExtensibilityGlobals) = postSolution
		SolutionGuid = {3F634CCA-7B28-42CB-ABD0-243923A32A08}
	EndGlobalSection
EndGlobal
