
Microsoft Visual Studio Solution File, Format Version 12.00
# Visual Studio Version 17
VisualStudioVersion = 17.3.32929.385
MinimumVisualStudioVersion = 10.0.40219.1
Project("{FAE04EC0-301F-11D3-BF4B-00C04F79EFBC}") = "Concatenador_de_data", "Concatenador_de_data.csproj", "{9FAF4499-A81E-4AB0-8463-DB2726D6ED37}"
EndProject
Global
	GlobalSection(SolutionConfigurationPlatforms) = preSolution
		Debug|Any CPU = Debug|Any CPU
		Release|Any CPU = Release|Any CPU
	EndGlobalSection
	GlobalSection(ProjectConfigurationPlatforms) = postSolution
		{9FAF4499-A81E-4AB0-8463-DB2726D6ED37}.Debug|Any CPU.ActiveCfg = Debug|Any CPU
		{9FAF4499-A81E-4AB0-8463-DB2726D6ED37}.Debug|Any CPU.Build.0 = Debug|Any CPU
		{9FAF4499-A81E-4AB0-8463-DB2726D6ED37}.Release|Any CPU.ActiveCfg = Release|Any CPU
		{9FAF4499-A81E-4AB0-8463-DB2726D6ED37}.Release|Any CPU.Build.0 = Release|Any CPU
	EndGlobalSection
	GlobalSection(SolutionProperties) = preSolution
		HideSolutionNode = FALSE
	EndGlobalSection
	GlobalSection(ExtensibilityGlobals) = postSolution
		SolutionGuid = {65DBE67D-0551-485A-BAB2-21ECB39E0F1A}
	EndGlobalSection
EndGlobal
