
Microsoft Visual Studio Solution File, Format Version 12.00
# Visual Studio Version 17
VisualStudioVersion = 17.3.32929.385
MinimumVisualStudioVersion = 10.0.40219.1
Project("{9A19103F-16F7-4668-BE54-9A1E7A4F7556}") = "Todolist", "Todolist.csproj", "{97CA2A52-0CD9-43DA-BFC9-E8051B4627EB}"
EndProject
Global
	GlobalSection(SolutionConfigurationPlatforms) = preSolution
		Debug|Any CPU = Debug|Any CPU
		Release|Any CPU = Release|Any CPU
	EndGlobalSection
	GlobalSection(ProjectConfigurationPlatforms) = postSolution
		{97CA2A52-0CD9-43DA-BFC9-E8051B4627EB}.Debug|Any CPU.ActiveCfg = Debug|Any CPU
		{97CA2A52-0CD9-43DA-BFC9-E8051B4627EB}.Debug|Any CPU.Build.0 = Debug|Any CPU
		{97CA2A52-0CD9-43DA-BFC9-E8051B4627EB}.Release|Any CPU.ActiveCfg = Release|Any CPU
		{97CA2A52-0CD9-43DA-BFC9-E8051B4627EB}.Release|Any CPU.Build.0 = Release|Any CPU
	EndGlobalSection
	GlobalSection(SolutionProperties) = preSolution
		HideSolutionNode = FALSE
	EndGlobalSection
	GlobalSection(ExtensibilityGlobals) = postSolution
		SolutionGuid = {224EFB17-2399-4917-B90C-B5A2A204A04E}
	EndGlobalSection
EndGlobal
